
Microsoft Visual Studio Solution File, Format Version 12.00
# Visual Studio Version 17
VisualStudioVersion = 17.4.33122.133
MinimumVisualStudioVersion = 10.0.40219.1
Project("{FAE04EC0-301F-11D3-BF4B-00C04F79EFBC}") = "Data_Types _Float_DoubleChar", "Data_Types _Float_DoubleChar.csproj", "{A5374B5A-1B63-4429-8A3A-DAD2E03308A7}"
EndProject
Global
	GlobalSection(SolutionConfigurationPlatforms) = preSolution
		Debug|Any CPU = Debug|Any CPU
		Release|Any CPU = Release|Any CPU
	EndGlobalSection
	GlobalSection(ProjectConfigurationPlatforms) = postSolution
		{A5374B5A-1B63-4429-8A3A-DAD2E03308A7}.Debug|Any CPU.ActiveCfg = Debug|Any CPU
		{A5374B5A-1B63-4429-8A3A-DAD2E03308A7}.Debug|Any CPU.Build.0 = Debug|Any CPU
		{A5374B5A-1B63-4429-8A3A-DAD2E03308A7}.Release|Any CPU.ActiveCfg = Release|Any CPU
		{A5374B5A-1B63-4429-8A3A-DAD2E03308A7}.Release|Any CPU.Build.0 = Release|Any CPU
	EndGlobalSection
	GlobalSection(SolutionProperties) = preSolution
		HideSolutionNode = FALSE
	EndGlobalSection
	GlobalSection(ExtensibilityGlobals) = postSolution
		SolutionGuid = {0CAB6D93-F452-4ADF-9C27-7AD81C95A018}
	EndGlobalSection
EndGlobal
