
Microsoft Visual Studio Solution File, Format Version 12.00
# Visual Studio Version 17
VisualStudioVersion = 17.4.33122.133
MinimumVisualStudioVersion = 10.0.40219.1
Project("{FAE04EC0-301F-11D3-BF4B-00C04F79EFBC}") = "Timer_Progress_Bar", "Timer_Progress_Bar.csproj", "{310DB3AB-B50F-4B17-A2AE-6F44CA145533}"
EndProject
Global
	GlobalSection(SolutionConfigurationPlatforms) = preSolution
		Debug|Any CPU = Debug|Any CPU
		Release|Any CPU = Release|Any CPU
	EndGlobalSection
	GlobalSection(ProjectConfigurationPlatforms) = postSolution
		{310DB3AB-B50F-4B17-A2AE-6F44CA145533}.Debug|Any CPU.ActiveCfg = Debug|Any CPU
		{310DB3AB-B50F-4B17-A2AE-6F44CA145533}.Debug|Any CPU.Build.0 = Debug|Any CPU
		{310DB3AB-B50F-4B17-A2AE-6F44CA145533}.Release|Any CPU.ActiveCfg = Release|Any CPU
		{310DB3AB-B50F-4B17-A2AE-6F44CA145533}.Release|Any CPU.Build.0 = Release|Any CPU
	EndGlobalSection
	GlobalSection(SolutionProperties) = preSolution
		HideSolutionNode = FALSE
	EndGlobalSection
	GlobalSection(ExtensibilityGlobals) = postSolution
		SolutionGuid = {554D2B46-EBBB-4EF9-A563-064D97B6511C}
	EndGlobalSection
EndGlobal
