
Microsoft Visual Studio Solution File, Format Version 12.00
# Visual Studio Version 17
VisualStudioVersion = 17.4.33205.214
MinimumVisualStudioVersion = 10.0.40219.1
Project("{FAE04EC0-301F-11D3-BF4B-00C04F79EFBC}") = "OOP_Class_Object", "OOP_Class_Object.csproj", "{82002A7C-31B9-4043-B369-11BFF5625F3E}"
EndProject
Global
	GlobalSection(SolutionConfigurationPlatforms) = preSolution
		Debug|Any CPU = Debug|Any CPU
		Release|Any CPU = Release|Any CPU
	EndGlobalSection
	GlobalSection(ProjectConfigurationPlatforms) = postSolution
		{82002A7C-31B9-4043-B369-11BFF5625F3E}.Debug|Any CPU.ActiveCfg = Debug|Any CPU
		{82002A7C-31B9-4043-B369-11BFF5625F3E}.Debug|Any CPU.Build.0 = Debug|Any CPU
		{82002A7C-31B9-4043-B369-11BFF5625F3E}.Release|Any CPU.ActiveCfg = Release|Any CPU
		{82002A7C-31B9-4043-B369-11BFF5625F3E}.Release|Any CPU.Build.0 = Release|Any CPU
	EndGlobalSection
	GlobalSection(SolutionProperties) = preSolution
		HideSolutionNode = FALSE
	EndGlobalSection
	GlobalSection(ExtensibilityGlobals) = postSolution
		SolutionGuid = {C38877E7-CABA-483D-8B6F-F870BE6317BF}
	EndGlobalSection
EndGlobal
