
Microsoft Visual Studio Solution File, Format Version 12.00
# Visual Studio Version 17
VisualStudioVersion = 17.4.33122.133
MinimumVisualStudioVersion = 10.0.40219.1
Project("{FAE04EC0-301F-11D3-BF4B-00C04F79EFBC}") = "CSharp_Console", "CSharp_Console.csproj", "{DDEAC2B2-3A9B-4D33-AB25-E5A30CB63473}"
EndProject
Global
	GlobalSection(SolutionConfigurationPlatforms) = preSolution
		Debug|Any CPU = Debug|Any CPU
		Release|Any CPU = Release|Any CPU
	EndGlobalSection
	GlobalSection(ProjectConfigurationPlatforms) = postSolution
		{DDEAC2B2-3A9B-4D33-AB25-E5A30CB63473}.Debug|Any CPU.ActiveCfg = Debug|Any CPU
		{DDEAC2B2-3A9B-4D33-AB25-E5A30CB63473}.Debug|Any CPU.Build.0 = Debug|Any CPU
		{DDEAC2B2-3A9B-4D33-AB25-E5A30CB63473}.Release|Any CPU.ActiveCfg = Release|Any CPU
		{DDEAC2B2-3A9B-4D33-AB25-E5A30CB63473}.Release|Any CPU.Build.0 = Release|Any CPU
	EndGlobalSection
	GlobalSection(SolutionProperties) = preSolution
		HideSolutionNode = FALSE
	EndGlobalSection
	GlobalSection(ExtensibilityGlobals) = postSolution
		SolutionGuid = {0AEB7D8F-E70A-496C-8362-C30270A10261}
	EndGlobalSection
EndGlobal
