
Microsoft Visual Studio Solution File, Format Version 12.00
# Visual Studio Version 17
VisualStudioVersion = 17.4.33122.133
MinimumVisualStudioVersion = 10.0.40219.1
Project("{FAE04EC0-301F-11D3-BF4B-00C04F79EFBC}") = "Window_Forms_Icon", "Window_Forms_Icon.csproj", "{89CBBE80-231E-4A84-ABA0-86927C5A7A2B}"
EndProject
Global
	GlobalSection(SolutionConfigurationPlatforms) = preSolution
		Debug|Any CPU = Debug|Any CPU
		Release|Any CPU = Release|Any CPU
	EndGlobalSection
	GlobalSection(ProjectConfigurationPlatforms) = postSolution
		{89CBBE80-231E-4A84-ABA0-86927C5A7A2B}.Debug|Any CPU.ActiveCfg = Debug|Any CPU
		{89CBBE80-231E-4A84-ABA0-86927C5A7A2B}.Debug|Any CPU.Build.0 = Debug|Any CPU
		{89CBBE80-231E-4A84-ABA0-86927C5A7A2B}.Release|Any CPU.ActiveCfg = Release|Any CPU
		{89CBBE80-231E-4A84-ABA0-86927C5A7A2B}.Release|Any CPU.Build.0 = Release|Any CPU
	EndGlobalSection
	GlobalSection(SolutionProperties) = preSolution
		HideSolutionNode = FALSE
	EndGlobalSection
	GlobalSection(ExtensibilityGlobals) = postSolution
		SolutionGuid = {103F7A29-C0F5-4C6A-8CF9-57500BC71AC0}
	EndGlobalSection
EndGlobal
